
Microsoft Visual Studio Solution File, Format Version 12.00
# Visual Studio Version 17
VisualStudioVersion = 17.7.34221.43
MinimumVisualStudioVersion = 15.0.26124.0
Project("{2150E333-8FDC-42A3-9474-1A3956D46DE8}") = "src", "src", "{EE4BD5C9-0DDA-4989-AC8E-5430B80D451F}"
EndProject
Project("{9A19103F-16F7-4668-BE54-9A1E7A4F7556}") = "GovukNotify", "src\GovukNotify\GovukNotify.csproj", "{9E93C623-F5C2-4411-8B9E-7F431117769E}"
EndProject
Project("{9A19103F-16F7-4668-BE54-9A1E7A4F7556}") = "GovukNotify.Tests", "src\GovukNotify.Tests\GovukNotify.Tests.csproj", "{64FC4103-A207-4D1A-A612-8C029F3F2A48}"
EndProject
Project("{2150E333-8FDC-42A3-9474-1A3956D46DE8}") = "Solution Items", "Solution Items", "{A6883FA8-A465-480D-AEB0-851FF4BF6E25}"
	ProjectSection(SolutionItems) = preProject
		Notes.txt = Notes.txt
	EndProjectSection
EndProject
Global
	GlobalSection(SolutionConfigurationPlatforms) = preSolution
		Debug|Any CPU = Debug|Any CPU
		Debug|x64 = Debug|x64
		Debug|x86 = Debug|x86
		Release|Any CPU = Release|Any CPU
		Release|x64 = Release|x64
		Release|x86 = Release|x86
	EndGlobalSection
	GlobalSection(ProjectConfigurationPlatforms) = postSolution
		{9E93C623-F5C2-4411-8B9E-7F431117769E}.Debug|Any CPU.ActiveCfg = Debug|Any CPU
		{9E93C623-F5C2-4411-8B9E-7F431117769E}.Debug|Any CPU.Build.0 = Debug|Any CPU
		{9E93C623-F5C2-4411-8B9E-7F431117769E}.Debug|x64.ActiveCfg = Debug|Any CPU
		{9E93C623-F5C2-4411-8B9E-7F431117769E}.Debug|x64.Build.0 = Debug|Any CPU
		{9E93C623-F5C2-4411-8B9E-7F431117769E}.Debug|x86.ActiveCfg = Debug|Any CPU
		{9E93C623-F5C2-4411-8B9E-7F431117769E}.Debug|x86.Build.0 = Debug|Any CPU
		{9E93C623-F5C2-4411-8B9E-7F431117769E}.Release|Any CPU.ActiveCfg = Release|Any CPU
		{9E93C623-F5C2-4411-8B9E-7F431117769E}.Release|Any CPU.Build.0 = Release|Any CPU
		{9E93C623-F5C2-4411-8B9E-7F431117769E}.Release|x64.ActiveCfg = Release|Any CPU
		{9E93C623-F5C2-4411-8B9E-7F431117769E}.Release|x64.Build.0 = Release|Any CPU
		{9E93C623-F5C2-4411-8B9E-7F431117769E}.Release|x86.ActiveCfg = Release|Any CPU
		{9E93C623-F5C2-4411-8B9E-7F431117769E}.Release|x86.Build.0 = Release|Any CPU
		{64FC4103-A207-4D1A-A612-8C029F3F2A48}.Debug|Any CPU.ActiveCfg = Debug|Any CPU
		{64FC4103-A207-4D1A-A612-8C029F3F2A48}.Debug|Any CPU.Build.0 = Debug|Any CPU
		{64FC4103-A207-4D1A-A612-8C029F3F2A48}.Debug|x64.ActiveCfg = Debug|Any CPU
		{64FC4103-A207-4D1A-A612-8C029F3F2A48}.Debug|x64.Build.0 = Debug|Any CPU
		{64FC4103-A207-4D1A-A612-8C029F3F2A48}.Debug|x86.ActiveCfg = Debug|Any CPU
		{64FC4103-A207-4D1A-A612-8C029F3F2A48}.Debug|x86.Build.0 = Debug|Any CPU
		{64FC4103-A207-4D1A-A612-8C029F3F2A48}.Release|Any CPU.ActiveCfg = Release|Any CPU
		{64FC4103-A207-4D1A-A612-8C029F3F2A48}.Release|Any CPU.Build.0 = Release|Any CPU
		{64FC4103-A207-4D1A-A612-8C029F3F2A48}.Release|x64.ActiveCfg = Release|Any CPU
		{64FC4103-A207-4D1A-A612-8C029F3F2A48}.Release|x64.Build.0 = Release|Any CPU
		{64FC4103-A207-4D1A-A612-8C029F3F2A48}.Release|x86.ActiveCfg = Release|Any CPU
		{64FC4103-A207-4D1A-A612-8C029F3F2A48}.Release|x86.Build.0 = Release|Any CPU
	EndGlobalSection
	GlobalSection(SolutionProperties) = preSolution
		HideSolutionNode = FALSE
	EndGlobalSection
	GlobalSection(NestedProjects) = preSolution
		{9E93C623-F5C2-4411-8B9E-7F431117769E} = {EE4BD5C9-0DDA-4989-AC8E-5430B80D451F}
		{64FC4103-A207-4D1A-A612-8C029F3F2A48} = {EE4BD5C9-0DDA-4989-AC8E-5430B80D451F}
	EndGlobalSection
	GlobalSection(ExtensibilityGlobals) = postSolution
		SolutionGuid = {79DBFFDA-95E8-4C20-8F0F-B80E325E2E4F}
	EndGlobalSection
EndGlobal
