
Microsoft Visual Studio Solution File, Format Version 12.00
# Visual Studio 15
VisualStudioVersion = 15.0.27004.2009
MinimumVisualStudioVersion = 10.0.40219.1
Project("{9A19103F-16F7-4668-BE54-9A1E7A4F7556}") = "Notify", "src\Notify\Notify.csproj", "{5B6316F6-DA73-4AE9-845E-6304FF11987C}"
EndProject
Project("{9A19103F-16F7-4668-BE54-9A1E7A4F7556}") = "Notify.Tests", "Notify.Tests\Notify.Tests.csproj", "{DE05D560-CE9A-49E5-8478-D343762EBCF1}"
EndProject
Global
	GlobalSection(SolutionConfigurationPlatforms) = preSolution
		Debug|Any CPU = Debug|Any CPU
		Release|Any CPU = Release|Any CPU
	EndGlobalSection
	GlobalSection(ProjectConfigurationPlatforms) = postSolution
		{5B6316F6-DA73-4AE9-845E-6304FF11987C}.Debug|Any CPU.ActiveCfg = Debug|Any CPU
		{5B6316F6-DA73-4AE9-845E-6304FF11987C}.Debug|Any CPU.Build.0 = Debug|Any CPU
		{5B6316F6-DA73-4AE9-845E-6304FF11987C}.Release|Any CPU.ActiveCfg = Release|Any CPU
		{5B6316F6-DA73-4AE9-845E-6304FF11987C}.Release|Any CPU.Build.0 = Release|Any CPU
		{DE05D560-CE9A-49E5-8478-D343762EBCF1}.Debug|Any CPU.ActiveCfg = Debug|Any CPU
		{DE05D560-CE9A-49E5-8478-D343762EBCF1}.Debug|Any CPU.Build.0 = Debug|Any CPU
		{DE05D560-CE9A-49E5-8478-D343762EBCF1}.Release|Any CPU.ActiveCfg = Release|Any CPU
		{DE05D560-CE9A-49E5-8478-D343762EBCF1}.Release|Any CPU.Build.0 = Release|Any CPU
	EndGlobalSection
	GlobalSection(SolutionProperties) = preSolution
		HideSolutionNode = FALSE
	EndGlobalSection
	GlobalSection(ExtensibilityGlobals) = postSolution
		SolutionGuid = {9BFDE9F9-CD56-4830-8EF7-33518474CA90}
	EndGlobalSection
EndGlobal
