
Microsoft Visual Studio Solution File, Format Version 12.00
# Visual Studio 14
VisualStudioVersion = 14.0.25420.1
MinimumVisualStudioVersion = 10.0.40219.1
Project("{FAE04EC0-301F-11D3-BF4B-00C04F79EFBC}") = "Notify", "src\Notify\Notify.csproj", "{A5F982FE-7ACF-49AD-A2D2-3ECC96D010DB}"
EndProject
Project("{FAE04EC0-301F-11D3-BF4B-00C04F79EFBC}") = "NotifyTests", "NotifyTests\NotifyTests.csproj", "{3644588E-CBEF-42D1-A6E6-84B9E76EA032}"
EndProject
Global
	GlobalSection(SolutionConfigurationPlatforms) = preSolution
		Debug|Any CPU = Debug|Any CPU
		Release|Any CPU = Release|Any CPU
	EndGlobalSection
	GlobalSection(ProjectConfigurationPlatforms) = postSolution
		{A5F982FE-7ACF-49AD-A2D2-3ECC96D010DB}.Debug|Any CPU.ActiveCfg = Debug|Any CPU
		{A5F982FE-7ACF-49AD-A2D2-3ECC96D010DB}.Debug|Any CPU.Build.0 = Debug|Any CPU
		{A5F982FE-7ACF-49AD-A2D2-3ECC96D010DB}.Release|Any CPU.ActiveCfg = Release|Any CPU
		{A5F982FE-7ACF-49AD-A2D2-3ECC96D010DB}.Release|Any CPU.Build.0 = Release|Any CPU
		{3644588E-CBEF-42D1-A6E6-84B9E76EA032}.Debug|Any CPU.ActiveCfg = Debug|Any CPU
		{3644588E-CBEF-42D1-A6E6-84B9E76EA032}.Debug|Any CPU.Build.0 = Debug|Any CPU
		{3644588E-CBEF-42D1-A6E6-84B9E76EA032}.Release|Any CPU.ActiveCfg = Release|Any CPU
		{3644588E-CBEF-42D1-A6E6-84B9E76EA032}.Release|Any CPU.Build.0 = Release|Any CPU
	EndGlobalSection
	GlobalSection(SolutionProperties) = preSolution
		HideSolutionNode = FALSE
	EndGlobalSection
	GlobalSection(NestedProjects) = preSolution
	EndGlobalSection
EndGlobal
