
Microsoft Visual Studio Solution File, Format Version 12.00
# Visual Studio 14
VisualStudioVersion = 14.0.25420.1
MinimumVisualStudioVersion = 10.0.40219.1
Project("{FAE04EC0-301F-11D3-BF4B-00C04F79EFBC}") = "Notify", "src\Notify\Notify.csproj", "{A5F982FE-7ACF-49AD-A2D2-3ECC96D010DB}"
EndProject
Project("{FAE04EC0-301F-11D3-BF4B-00C04F79EFBC}") = "NotifyUnitTests", "test\NotifyTests\NotifyUnitTests.csproj", "{B90A7059-BB5F-41C2-8C65-9EA548B8A10A}"
EndProject
Project("{FAE04EC0-301F-11D3-BF4B-00C04F79EFBC}") = "NotifyIntegrationTests", "test\NotifyIntegrationTests\NotifyIntegrationTests.csproj", "{EF8FBF8E-A0BE-44EC-B269-B4BB3FC6C162}"
EndProject
Project("{2150E333-8FDC-42A3-9474-1A3956D46DE8}") = "Tests", "Tests", "{ED8DF9EA-AA43-4AAC-99C4-90F542457165}"
EndProject
Project("{FAE04EC0-301F-11D3-BF4B-00C04F79EFBC}") = "NotifyTests", "NotifyTests\NotifyTests.csproj", "{3644588E-CBEF-42D1-A6E6-84B9E76EA032}"
EndProject
Project("{FAE04EC0-301F-11D3-BF4B-00C04F79EFBC}") = "TestProject", "TestProject\TestProject.csproj", "{BE711843-DFF1-4AF7-BA75-213DC3FAC7D9}"
EndProject
Project("{FAE04EC0-301F-11D3-BF4B-00C04F79EFBC}") = "TestRunner", "TestRunner\TestRunner.csproj", "{321635B1-516E-4A22-9C70-20E61418E5C2}"
EndProject
Global
	GlobalSection(SolutionConfigurationPlatforms) = preSolution
		Debug|Any CPU = Debug|Any CPU
		Release|Any CPU = Release|Any CPU
	EndGlobalSection
	GlobalSection(ProjectConfigurationPlatforms) = postSolution
		{A5F982FE-7ACF-49AD-A2D2-3ECC96D010DB}.Debug|Any CPU.ActiveCfg = Debug|Any CPU
		{A5F982FE-7ACF-49AD-A2D2-3ECC96D010DB}.Debug|Any CPU.Build.0 = Debug|Any CPU
		{A5F982FE-7ACF-49AD-A2D2-3ECC96D010DB}.Release|Any CPU.ActiveCfg = Release|Any CPU
		{A5F982FE-7ACF-49AD-A2D2-3ECC96D010DB}.Release|Any CPU.Build.0 = Release|Any CPU
		{B90A7059-BB5F-41C2-8C65-9EA548B8A10A}.Debug|Any CPU.ActiveCfg = Debug|Any CPU
		{B90A7059-BB5F-41C2-8C65-9EA548B8A10A}.Debug|Any CPU.Build.0 = Debug|Any CPU
		{B90A7059-BB5F-41C2-8C65-9EA548B8A10A}.Release|Any CPU.ActiveCfg = Release|Any CPU
		{B90A7059-BB5F-41C2-8C65-9EA548B8A10A}.Release|Any CPU.Build.0 = Release|Any CPU
		{EF8FBF8E-A0BE-44EC-B269-B4BB3FC6C162}.Debug|Any CPU.ActiveCfg = Debug|Any CPU
		{EF8FBF8E-A0BE-44EC-B269-B4BB3FC6C162}.Debug|Any CPU.Build.0 = Debug|Any CPU
		{EF8FBF8E-A0BE-44EC-B269-B4BB3FC6C162}.Release|Any CPU.ActiveCfg = Release|Any CPU
		{EF8FBF8E-A0BE-44EC-B269-B4BB3FC6C162}.Release|Any CPU.Build.0 = Release|Any CPU
		{3644588E-CBEF-42D1-A6E6-84B9E76EA032}.Debug|Any CPU.ActiveCfg = Debug|Any CPU
		{3644588E-CBEF-42D1-A6E6-84B9E76EA032}.Debug|Any CPU.Build.0 = Debug|Any CPU
		{3644588E-CBEF-42D1-A6E6-84B9E76EA032}.Release|Any CPU.ActiveCfg = Release|Any CPU
		{3644588E-CBEF-42D1-A6E6-84B9E76EA032}.Release|Any CPU.Build.0 = Release|Any CPU
		{BE711843-DFF1-4AF7-BA75-213DC3FAC7D9}.Debug|Any CPU.ActiveCfg = Debug|Any CPU
		{BE711843-DFF1-4AF7-BA75-213DC3FAC7D9}.Debug|Any CPU.Build.0 = Debug|Any CPU
		{BE711843-DFF1-4AF7-BA75-213DC3FAC7D9}.Release|Any CPU.ActiveCfg = Release|Any CPU
		{BE711843-DFF1-4AF7-BA75-213DC3FAC7D9}.Release|Any CPU.Build.0 = Release|Any CPU
		{321635B1-516E-4A22-9C70-20E61418E5C2}.Debug|Any CPU.ActiveCfg = Debug|Any CPU
		{321635B1-516E-4A22-9C70-20E61418E5C2}.Debug|Any CPU.Build.0 = Debug|Any CPU
		{321635B1-516E-4A22-9C70-20E61418E5C2}.Release|Any CPU.ActiveCfg = Release|Any CPU
		{321635B1-516E-4A22-9C70-20E61418E5C2}.Release|Any CPU.Build.0 = Release|Any CPU
	EndGlobalSection
	GlobalSection(SolutionProperties) = preSolution
		HideSolutionNode = FALSE
	EndGlobalSection
	GlobalSection(NestedProjects) = preSolution
		{B90A7059-BB5F-41C2-8C65-9EA548B8A10A} = {ED8DF9EA-AA43-4AAC-99C4-90F542457165}
		{EF8FBF8E-A0BE-44EC-B269-B4BB3FC6C162} = {ED8DF9EA-AA43-4AAC-99C4-90F542457165}
	EndGlobalSection
EndGlobal
